
Microsoft Visual Studio Solution File, Format Version 12.00
# Visual Studio Version 17
VisualStudioVersion = 17.3.32922.545
MinimumVisualStudioVersion = 10.0.40219.1
Project("{FAE04EC0-301F-11D3-BF4B-00C04F79EFBC}") = "10DHTH.QuanLyTiemCamDo.Web", "10DHTH.QuanLyTiemCamDo.Web\10DHTH.QuanLyTiemCamDo.Web.csproj", "{994323C3-D0EB-4AD6-9A22-2F8E491E1724}"
EndProject
Project("{FAE04EC0-301F-11D3-BF4B-00C04F79EFBC}") = "10DHTH.QuanLyTiemCamDo.Service", "..\10DHTH.QuanLyTiemCamDo.Service\10DHTH.QuanLyTiemCamDo.Service.csproj", "{8F15767E-56F4-4C02-91CF-7E21093DA235}"
EndProject
Project("{FAE04EC0-301F-11D3-BF4B-00C04F79EFBC}") = "10DHTH.QuanLyTiemCamDo.DataAccess", "..\10DHTH.QuanLyTiemCamDo.DataAccess\10DHTH.QuanLyTiemCamDo.DataAccess.csproj", "{B4370551-EB9A-4681-98E4-BAC04B182147}"
EndProject
Global
	GlobalSection(SolutionConfigurationPlatforms) = preSolution
		Debug|Any CPU = Debug|Any CPU
		Release|Any CPU = Release|Any CPU
	EndGlobalSection
	GlobalSection(ProjectConfigurationPlatforms) = postSolution
		{994323C3-D0EB-4AD6-9A22-2F8E491E1724}.Debug|Any CPU.ActiveCfg = Debug|Any CPU
		{994323C3-D0EB-4AD6-9A22-2F8E491E1724}.Debug|Any CPU.Build.0 = Debug|Any CPU
		{994323C3-D0EB-4AD6-9A22-2F8E491E1724}.Release|Any CPU.ActiveCfg = Release|Any CPU
		{994323C3-D0EB-4AD6-9A22-2F8E491E1724}.Release|Any CPU.Build.0 = Release|Any CPU
		{8F15767E-56F4-4C02-91CF-7E21093DA235}.Debug|Any CPU.ActiveCfg = Debug|Any CPU
		{8F15767E-56F4-4C02-91CF-7E21093DA235}.Debug|Any CPU.Build.0 = Debug|Any CPU
		{8F15767E-56F4-4C02-91CF-7E21093DA235}.Release|Any CPU.ActiveCfg = Release|Any CPU
		{8F15767E-56F4-4C02-91CF-7E21093DA235}.Release|Any CPU.Build.0 = Release|Any CPU
		{B4370551-EB9A-4681-98E4-BAC04B182147}.Debug|Any CPU.ActiveCfg = Debug|Any CPU
		{B4370551-EB9A-4681-98E4-BAC04B182147}.Debug|Any CPU.Build.0 = Debug|Any CPU
		{B4370551-EB9A-4681-98E4-BAC04B182147}.Release|Any CPU.ActiveCfg = Release|Any CPU
		{B4370551-EB9A-4681-98E4-BAC04B182147}.Release|Any CPU.Build.0 = Release|Any CPU
	EndGlobalSection
	GlobalSection(SolutionProperties) = preSolution
		HideSolutionNode = FALSE
	EndGlobalSection
	GlobalSection(ExtensibilityGlobals) = postSolution
		SolutionGuid = {B6390BF2-B26E-41C3-853D-99E1112122E5}
	EndGlobalSection
EndGlobal
